
Microsoft Visual Studio Solution File, Format Version 12.00
# Visual Studio Version 16
VisualStudioVersion = 16.0.29613.14
MinimumVisualStudioVersion = 10.0.40219.1
Project("{8BC9CEB8-8B4A-11D0-8D11-00A0C91BC942}") = "TCPStudy", "TCPStudy\TCPStudy.vcxproj", "{79BBF8BA-1D9A-4A54-847E-D40D8D03A7CB}"
EndProject
Project("{8BC9CEB8-8B4A-11D0-8D11-00A0C91BC942}") = "TCPClient", "TCPClient\TCPClient.vcxproj", "{C8BFE326-9139-4912-9789-55B2BBE72EC4}"
EndProject
Global
	GlobalSection(SolutionConfigurationPlatforms) = preSolution
		Debug|x64 = Debug|x64
		Debug|x86 = Debug|x86
		Release|x64 = Release|x64
		Release|x86 = Release|x86
	EndGlobalSection
	GlobalSection(ProjectConfigurationPlatforms) = postSolution
		{79BBF8BA-1D9A-4A54-847E-D40D8D03A7CB}.Debug|x64.ActiveCfg = Debug|x64
		{79BBF8BA-1D9A-4A54-847E-D40D8D03A7CB}.Debug|x64.Build.0 = Debug|x64
		{79BBF8BA-1D9A-4A54-847E-D40D8D03A7CB}.Debug|x86.ActiveCfg = Debug|Win32
		{79BBF8BA-1D9A-4A54-847E-D40D8D03A7CB}.Debug|x86.Build.0 = Debug|Win32
		{79BBF8BA-1D9A-4A54-847E-D40D8D03A7CB}.Release|x64.ActiveCfg = Release|x64
		{79BBF8BA-1D9A-4A54-847E-D40D8D03A7CB}.Release|x64.Build.0 = Release|x64
		{79BBF8BA-1D9A-4A54-847E-D40D8D03A7CB}.Release|x86.ActiveCfg = Release|Win32
		{79BBF8BA-1D9A-4A54-847E-D40D8D03A7CB}.Release|x86.Build.0 = Release|Win32
		{C8BFE326-9139-4912-9789-55B2BBE72EC4}.Debug|x64.ActiveCfg = Debug|x64
		{C8BFE326-9139-4912-9789-55B2BBE72EC4}.Debug|x64.Build.0 = Debug|x64
		{C8BFE326-9139-4912-9789-55B2BBE72EC4}.Debug|x86.ActiveCfg = Debug|Win32
		{C8BFE326-9139-4912-9789-55B2BBE72EC4}.Debug|x86.Build.0 = Debug|Win32
		{C8BFE326-9139-4912-9789-55B2BBE72EC4}.Release|x64.ActiveCfg = Release|x64
		{C8BFE326-9139-4912-9789-55B2BBE72EC4}.Release|x64.Build.0 = Release|x64
		{C8BFE326-9139-4912-9789-55B2BBE72EC4}.Release|x86.ActiveCfg = Release|Win32
		{C8BFE326-9139-4912-9789-55B2BBE72EC4}.Release|x86.Build.0 = Release|Win32
	EndGlobalSection
	GlobalSection(SolutionProperties) = preSolution
		HideSolutionNode = FALSE
	EndGlobalSection
	GlobalSection(ExtensibilityGlobals) = postSolution
		SolutionGuid = {7B9121C5-0CA5-48B4-8F98-F7722CE22997}
	EndGlobalSection
EndGlobal
